
Microsoft Visual Studio Solution File, Format Version 12.00
# Visual Studio Version 17
VisualStudioVersion = 17.14.36511.14 d17.14
MinimumVisualStudioVersion = 10.0.40219.1
Project("{FAE04EC0-301F-11D3-BF4B-00C04F79EFBC}") = "ticketSystems", "ticketSystems\ticketSystems.csproj", "{AE43ADAE-0994-421F-8AA2-8BDF347B9CD3}"
EndProject
Global
	GlobalSection(SolutionConfigurationPlatforms) = preSolution
		Debug|Any CPU = Debug|Any CPU
		Release|Any CPU = Release|Any CPU
	EndGlobalSection
	GlobalSection(ProjectConfigurationPlatforms) = postSolution
		{AE43ADAE-0994-421F-8AA2-8BDF347B9CD3}.Debug|Any CPU.ActiveCfg = Debug|Any CPU
		{AE43ADAE-0994-421F-8AA2-8BDF347B9CD3}.Debug|Any CPU.Build.0 = Debug|Any CPU
		{AE43ADAE-0994-421F-8AA2-8BDF347B9CD3}.Release|Any CPU.ActiveCfg = Release|Any CPU
		{AE43ADAE-0994-421F-8AA2-8BDF347B9CD3}.Release|Any CPU.Build.0 = Release|Any CPU
	EndGlobalSection
	GlobalSection(SolutionProperties) = preSolution
		HideSolutionNode = FALSE
	EndGlobalSection
	GlobalSection(ExtensibilityGlobals) = postSolution
		SolutionGuid = {712A3789-FDB8-43FF-89D9-75CE15EB612A}
	EndGlobalSection
EndGlobal
